
Microsoft Visual Studio Solution File, Format Version 12.00
# Visual Studio Version 17
VisualStudioVersion = 17.5.33530.505
MinimumVisualStudioVersion = 10.0.40219.1
Project("{FAE04EC0-301F-11D3-BF4B-00C04F79EFBC}") = "worker_service", "worker_service.csproj", "{B15AEF1D-BAAB-415D-A919-AF19FBABE7CD}"
EndProject
Global
	GlobalSection(SolutionConfigurationPlatforms) = preSolution
		Debug|Any CPU = Debug|Any CPU
		Release|Any CPU = Release|Any CPU
	EndGlobalSection
	GlobalSection(ProjectConfigurationPlatforms) = postSolution
		{B15AEF1D-BAAB-415D-A919-AF19FBABE7CD}.Debug|Any CPU.ActiveCfg = Debug|Any CPU
		{B15AEF1D-BAAB-415D-A919-AF19FBABE7CD}.Debug|Any CPU.Build.0 = Debug|Any CPU
		{B15AEF1D-BAAB-415D-A919-AF19FBABE7CD}.Release|Any CPU.ActiveCfg = Release|Any CPU
		{B15AEF1D-BAAB-415D-A919-AF19FBABE7CD}.Release|Any CPU.Build.0 = Release|Any CPU
	EndGlobalSection
	GlobalSection(SolutionProperties) = preSolution
		HideSolutionNode = FALSE
	EndGlobalSection
	GlobalSection(ExtensibilityGlobals) = postSolution
		SolutionGuid = {604B44F5-C8BD-4B92-AE21-100C881D20F4}
	EndGlobalSection
EndGlobal
